
Microsoft Visual Studio Solution File, Format Version 12.00
# Visual Studio 15
Project("{FAE04EC0-301F-11D3-BF4B-00C04F79EFBC}") = "Assembly-CSharp", "Assembly-CSharp.csproj", "{E9FE43E8-0EE9-D874-F221-A8D705C2D0AE}"
EndProject
Project("{FAE04EC0-301F-11D3-BF4B-00C04F79EFBC}") = "Assembly-CSharp-Editor", "Assembly-CSharp-Editor.csproj", "{4E0D822C-7E7F-8FCD-C320-E782ED65B0FB}"
EndProject
Global
	GlobalSection(SolutionConfigurationPlatforms) = preSolution
		Debug|Any CPU = Debug|Any CPU
		Release|Any CPU = Release|Any CPU
	EndGlobalSection
	GlobalSection(ProjectConfigurationPlatforms) = postSolution
		{E9FE43E8-0EE9-D874-F221-A8D705C2D0AE}.Debug|Any CPU.ActiveCfg = Debug|Any CPU
		{E9FE43E8-0EE9-D874-F221-A8D705C2D0AE}.Debug|Any CPU.Build.0 = Debug|Any CPU
		{E9FE43E8-0EE9-D874-F221-A8D705C2D0AE}.Release|Any CPU.ActiveCfg = Release|Any CPU
		{E9FE43E8-0EE9-D874-F221-A8D705C2D0AE}.Release|Any CPU.Build.0 = Release|Any CPU
		{4E0D822C-7E7F-8FCD-C320-E782ED65B0FB}.Debug|Any CPU.ActiveCfg = Debug|Any CPU
		{4E0D822C-7E7F-8FCD-C320-E782ED65B0FB}.Debug|Any CPU.Build.0 = Debug|Any CPU
		{4E0D822C-7E7F-8FCD-C320-E782ED65B0FB}.Release|Any CPU.ActiveCfg = Release|Any CPU
		{4E0D822C-7E7F-8FCD-C320-E782ED65B0FB}.Release|Any CPU.Build.0 = Release|Any CPU
	EndGlobalSection
	GlobalSection(SolutionProperties) = preSolution
		HideSolutionNode = FALSE
	EndGlobalSection
EndGlobal
